// !$*UTF8*$!
{
	archiveVersion = 1;
	classes = {
	};
	objectVersion = 51;
	objects = {

/* Begin PBXBuildFile section */
		29B7B2D9AEE3A888D98B8F5D /* Pods_YandexWeather.framework in Frameworks */ = {isa = PBXBuildFile; fileRef = 4D33C496C0955E3B5ADA9B4F /* Pods_YandexWeather.framework */; };
		883227AA22FE0B4900576C5C /* AppDelegate.swift in Sources */ = {isa = PBXBuildFile; fileRef = 883227A922FE0B4900576C5C /* AppDelegate.swift */; };
		883227AC22FE0B4900576C5C /* MapViewController.swift in Sources */ = {isa = PBXBuildFile; fileRef = 883227AB22FE0B4900576C5C /* MapViewController.swift */; };
		883227AF22FE0B4900576C5C /* Main.storyboard in Resources */ = {isa = PBXBuildFile; fileRef = 883227AD22FE0B4900576C5C /* Main.storyboard */; };
		883227B422FE0B4D00576C5C /* Assets.xcassets in Resources */ = {isa = PBXBuildFile; fileRef = 883227B322FE0B4D00576C5C /* Assets.xcassets */; };
		883227B722FE0B4D00576C5C /* LaunchScreen.storyboard in Resources */ = {isa = PBXBuildFile; fileRef = 883227B522FE0B4D00576C5C /* LaunchScreen.storyboard */; };
		883227C222FE15BB00576C5C /* WeatherData.swift in Sources */ = {isa = PBXBuildFile; fileRef = 883227C122FE15BB00576C5C /* WeatherData.swift */; };
		888B4681230830E500E5DC94 /* Localizable.stringsdict in Resources */ = {isa = PBXBuildFile; fileRef = 888B4680230830E500E5DC94 /* Localizable.stringsdict */; };
		889F61852305F78E008D7B48 /* DisignableView.swift in Sources */ = {isa = PBXBuildFile; fileRef = 889F61842305F78E008D7B48 /* DisignableView.swift */; };
		88CFDDB322FE22E5006BFD1B /* MarkerView.swift in Sources */ = {isa = PBXBuildFile; fileRef = 88CFDDB222FE22E5006BFD1B /* MarkerView.swift */; };
		88CFDDB522FE22FA006BFD1B /* MarkerView.xib in Resources */ = {isa = PBXBuildFile; fileRef = 88CFDDB422FE22FA006BFD1B /* MarkerView.xib */; };
		88CFDDD52300543B006BFD1B /* ForecastViewController.swift in Sources */ = {isa = PBXBuildFile; fileRef = 88CFDDD42300543B006BFD1B /* ForecastViewController.swift */; };
		88CFDDE523017880006BFD1B /* TableViewCell.swift in Sources */ = {isa = PBXBuildFile; fileRef = 88CFDDE423017880006BFD1B /* TableViewCell.swift */; };
		88CFDDE7230178CA006BFD1B /* TableViewCell.xib in Resources */ = {isa = PBXBuildFile; fileRef = 88CFDDE6230178CA006BFD1B /* TableViewCell.xib */; };
		88CFDDEC23021164006BFD1B /* ImageCell.swift in Sources */ = {isa = PBXBuildFile; fileRef = 88CFDDEB23021164006BFD1B /* ImageCell.swift */; };
		88CFDDF023022093006BFD1B /* HourseCollectionViewController.swift in Sources */ = {isa = PBXBuildFile; fileRef = 88CFDDEF23022093006BFD1B /* HourseCollectionViewController.swift */; };
/* End PBXBuildFile section */

/* Begin PBXFileReference section */
		0EB860C35424AEF5D58C73D5 /* Pods-YandexWeather.debug.xcconfig */ = {isa = PBXFileReference; includeInIndex = 1; lastKnownFileType = text.xcconfig; name = "Pods-YandexWeather.debug.xcconfig"; path = "Target Support Files/Pods-YandexWeather/Pods-YandexWeather.debug.xcconfig"; sourceTree = "<group>"; };
		4D33C496C0955E3B5ADA9B4F /* Pods_YandexWeather.framework */ = {isa = PBXFileReference; explicitFileType = wrapper.framework; includeInIndex = 0; path = Pods_YandexWeather.framework; sourceTree = BUILT_PRODUCTS_DIR; };
		883227A622FE0B4900576C5C /* YandexWeather.app */ = {isa = PBXFileReference; explicitFileType = wrapper.application; includeInIndex = 0; path = YandexWeather.app; sourceTree = BUILT_PRODUCTS_DIR; };
		883227A922FE0B4900576C5C /* AppDelegate.swift */ = {isa = PBXFileReference; lastKnownFileType = sourcecode.swift; path = AppDelegate.swift; sourceTree = "<group>"; };
		883227AB22FE0B4900576C5C /* MapViewController.swift */ = {isa = PBXFileReference; lastKnownFileType = sourcecode.swift; name = MapViewController.swift; path = ../MapViewController.swift; sourceTree = "<group>"; };
		883227AE22FE0B4900576C5C /* Base */ = {isa = PBXFileReference; lastKnownFileType = file.storyboard; name = Base; path = Base.lproj/Main.storyboard; sourceTree = "<group>"; };
		883227B322FE0B4D00576C5C /* Assets.xcassets */ = {isa = PBXFileReference; lastKnownFileType = folder.assetcatalog; path = Assets.xcassets; sourceTree = "<group>"; };
		883227B622FE0B4D00576C5C /* Base */ = {isa = PBXFileReference; lastKnownFileType = file.storyboard; name = Base; path = Base.lproj/LaunchScreen.storyboard; sourceTree = "<group>"; };
		883227B822FE0B4D00576C5C /* Info.plist */ = {isa = PBXFileReference; lastKnownFileType = text.plist.xml; path = Info.plist; sourceTree = "<group>"; };
		883227C122FE15BB00576C5C /* WeatherData.swift */ = {isa = PBXFileReference; lastKnownFileType = sourcecode.swift; path = WeatherData.swift; sourceTree = "<group>"; };
		888B467E23082FD800E5DC94 /* ru */ = {isa = PBXFileReference; lastKnownFileType = text.plist.strings; name = ru; path = ru.lproj/Main.strings; sourceTree = "<group>"; };
		888B467F23082FD900E5DC94 /* ru */ = {isa = PBXFileReference; lastKnownFileType = text.plist.strings; name = ru; path = ru.lproj/LaunchScreen.strings; sourceTree = "<group>"; };
		888B4680230830E500E5DC94 /* Localizable.stringsdict */ = {isa = PBXFileReference; lastKnownFileType = text.plist.stringsdict; path = Localizable.stringsdict; sourceTree = "<group>"; };
		889F61842305F78E008D7B48 /* DisignableView.swift */ = {isa = PBXFileReference; lastKnownFileType = sourcecode.swift; path = DisignableView.swift; sourceTree = "<group>"; };
		88CFDDB222FE22E5006BFD1B /* MarkerView.swift */ = {isa = PBXFileReference; lastKnownFileType = sourcecode.swift; path = MarkerView.swift; sourceTree = "<group>"; };
		88CFDDB422FE22FA006BFD1B /* MarkerView.xib */ = {isa = PBXFileReference; lastKnownFileType = file.xib; path = MarkerView.xib; sourceTree = "<group>"; };
		88CFDDD42300543B006BFD1B /* ForecastViewController.swift */ = {isa = PBXFileReference; lastKnownFileType = sourcecode.swift; path = ForecastViewController.swift; sourceTree = "<group>"; };
		88CFDDE423017880006BFD1B /* TableViewCell.swift */ = {isa = PBXFileReference; lastKnownFileType = sourcecode.swift; path = TableViewCell.swift; sourceTree = "<group>"; };
		88CFDDE6230178CA006BFD1B /* TableViewCell.xib */ = {isa = PBXFileReference; lastKnownFileType = file.xib; path = TableViewCell.xib; sourceTree = "<group>"; };
		88CFDDEB23021164006BFD1B /* ImageCell.swift */ = {isa = PBXFileReference; lastKnownFileType = sourcecode.swift; path = ImageCell.swift; sourceTree = "<group>"; };
		88CFDDEF23022093006BFD1B /* HourseCollectionViewController.swift */ = {isa = PBXFileReference; lastKnownFileType = sourcecode.swift; path = HourseCollectionViewController.swift; sourceTree = "<group>"; };
		A0315AE7B1D97BC63C347A3B /* Pods-YandexWeather.release.xcconfig */ = {isa = PBXFileReference; includeInIndex = 1; lastKnownFileType = text.xcconfig; name = "Pods-YandexWeather.release.xcconfig"; path = "Target Support Files/Pods-YandexWeather/Pods-YandexWeather.release.xcconfig"; sourceTree = "<group>"; };
/* End PBXFileReference section */

/* Begin PBXFrameworksBuildPhase section */
		883227A322FE0B4900576C5C /* Frameworks */ = {
			isa = PBXFrameworksBuildPhase;
			buildActionMask = 2147483647;
			files = (
				29B7B2D9AEE3A888D98B8F5D /* Pods_YandexWeather.framework in Frameworks */,
			);
			runOnlyForDeploymentPostprocessing = 0;
		};
/* End PBXFrameworksBuildPhase section */

/* Begin PBXGroup section */
		703C683BEE0290AF994861F5 /* Frameworks */ = {
			isa = PBXGroup;
			children = (
				4D33C496C0955E3B5ADA9B4F /* Pods_YandexWeather.framework */,
			);
			name = Frameworks;
			sourceTree = "<group>";
		};
		7FA1729745212951A185F57E /* Pods */ = {
			isa = PBXGroup;
			children = (
				0EB860C35424AEF5D58C73D5 /* Pods-YandexWeather.debug.xcconfig */,
				A0315AE7B1D97BC63C347A3B /* Pods-YandexWeather.release.xcconfig */,
			);
			path = Pods;
			sourceTree = "<group>";
		};
		8832279D22FE0B4900576C5C = {
			isa = PBXGroup;
			children = (
				883227A822FE0B4900576C5C /* YandexWeather */,
				883227A722FE0B4900576C5C /* Products */,
				7FA1729745212951A185F57E /* Pods */,
				703C683BEE0290AF994861F5 /* Frameworks */,
			);
			sourceTree = "<group>";
		};
		883227A722FE0B4900576C5C /* Products */ = {
			isa = PBXGroup;
			children = (
				883227A622FE0B4900576C5C /* YandexWeather.app */,
			);
			name = Products;
			sourceTree = "<group>";
		};
		883227A822FE0B4900576C5C /* YandexWeather */ = {
			isa = PBXGroup;
			children = (
				883227BF22FE157800576C5C /* App */,
				883227C322FE15C300576C5C /* Model */,
				883227C022FE158B00576C5C /* ViewController */,
				883227BE22FE156100576C5C /* View */,
				88D06CEC230585A900E36EC1 /* Resource */,
				88D06CEB2305851C00E36EC1 /* Story Board */,
			);
			path = YandexWeather;
			sourceTree = "<group>";
		};
		883227BE22FE156100576C5C /* View */ = {
			isa = PBXGroup;
			children = (
				88CFDDB122FE22A8006BFD1B /* MarkerView */,
				88CFDDE8230179BC006BFD1B /* Cell */,
				889F61842305F78E008D7B48 /* DisignableView.swift */,
			);
			path = View;
			sourceTree = "<group>";
		};
		883227BF22FE157800576C5C /* App */ = {
			isa = PBXGroup;
			children = (
				883227A922FE0B4900576C5C /* AppDelegate.swift */,
				883227B822FE0B4D00576C5C /* Info.plist */,
			);
			path = App;
			sourceTree = "<group>";
		};
		883227C022FE158B00576C5C /* ViewController */ = {
			isa = PBXGroup;
			children = (
				883227AB22FE0B4900576C5C /* MapViewController.swift */,
				88CFDDD42300543B006BFD1B /* ForecastViewController.swift */,
				88CFDDEF23022093006BFD1B /* HourseCollectionViewController.swift */,
			);
			path = ViewController;
			sourceTree = "<group>";
		};
		883227C322FE15C300576C5C /* Model */ = {
			isa = PBXGroup;
			children = (
				883227C122FE15BB00576C5C /* WeatherData.swift */,
			);
			path = Model;
			sourceTree = "<group>";
		};
		88CFDDB122FE22A8006BFD1B /* MarkerView */ = {
			isa = PBXGroup;
			children = (
				88CFDDB222FE22E5006BFD1B /* MarkerView.swift */,
				88CFDDB422FE22FA006BFD1B /* MarkerView.xib */,
			);
			name = MarkerView;
			path = ..;
			sourceTree = "<group>";
		};
		88CFDDE8230179BC006BFD1B /* Cell */ = {
			isa = PBXGroup;
			children = (
				88CFDDE423017880006BFD1B /* TableViewCell.swift */,
				88CFDDE6230178CA006BFD1B /* TableViewCell.xib */,
				88CFDDEB23021164006BFD1B /* ImageCell.swift */,
			);
			path = Cell;
			sourceTree = "<group>";
		};
		88D06CEB2305851C00E36EC1 /* Story Board */ = {
			isa = PBXGroup;
			children = (
				883227AD22FE0B4900576C5C /* Main.storyboard */,
				883227B522FE0B4D00576C5C /* LaunchScreen.storyboard */,
			);
			path = "Story Board";
			sourceTree = "<group>";
		};
		88D06CEC230585A900E36EC1 /* Resource */ = {
			isa = PBXGroup;
			children = (
				883227B322FE0B4D00576C5C /* Assets.xcassets */,
				888B4680230830E500E5DC94 /* Localizable.stringsdict */,
			);
			path = Resource;
			sourceTree = "<group>";
		};
/* End PBXGroup section */

/* Begin PBXNativeTarget section */
		883227A522FE0B4900576C5C /* YandexWeather */ = {
			isa = PBXNativeTarget;
			buildConfigurationList = 883227BB22FE0B4D00576C5C /* Build configuration list for PBXNativeTarget "YandexWeather" */;
			buildPhases = (
				D63ED3FDC4A4721B82C01440 /* [CP] Check Pods Manifest.lock */,
				883227A222FE0B4900576C5C /* Sources */,
				883227A322FE0B4900576C5C /* Frameworks */,
				883227A422FE0B4900576C5C /* Resources */,
				1E77D8F8D091B59B4EADD381 /* [CP] Copy Pods Resources */,
				90FA8D1DEB1FC5A77C5BE49D /* [CP] Embed Pods Frameworks */,
			);
			buildRules = (
			);
			dependencies = (
			);
			name = YandexWeather;
			productName = YandexWeather;
			productReference = 883227A622FE0B4900576C5C /* YandexWeather.app */;
			productType = "com.apple.product-type.application";
		};
/* End PBXNativeTarget section */

/* Begin PBXProject section */
		8832279E22FE0B4900576C5C /* Project object */ = {
			isa = PBXProject;
			attributes = {
				LastSwiftUpdateCheck = 1020;
				LastUpgradeCheck = 1020;
				ORGANIZATIONNAME = "Sergey Koriukin";
				TargetAttributes = {
					883227A522FE0B4900576C5C = {
						CreatedOnToolsVersion = 10.2.1;
						SystemCapabilities = {
							com.apple.BackgroundModes = {
								enabled = 1;
							};
						};
					};
				};
			};
			buildConfigurationList = 883227A122FE0B4900576C5C /* Build configuration list for PBXProject "YandexWeather" */;
			compatibilityVersion = "Xcode 9.3";
			developmentRegion = ru;
			hasScannedForEncodings = 0;
			knownRegions = (
				en,
				Base,
				ru,
			);
			mainGroup = 8832279D22FE0B4900576C5C;
			productRefGroup = 883227A722FE0B4900576C5C /* Products */;
			projectDirPath = "";
			projectRoot = "";
			targets = (
				883227A522FE0B4900576C5C /* YandexWeather */,
			);
		};
/* End PBXProject section */

/* Begin PBXResourcesBuildPhase section */
		883227A422FE0B4900576C5C /* Resources */ = {
			isa = PBXResourcesBuildPhase;
			buildActionMask = 2147483647;
			files = (
				88CFDDB522FE22FA006BFD1B /* MarkerView.xib in Resources */,
				88CFDDE7230178CA006BFD1B /* TableViewCell.xib in Resources */,
				883227B722FE0B4D00576C5C /* LaunchScreen.storyboard in Resources */,
				883227B422FE0B4D00576C5C /* Assets.xcassets in Resources */,
				883227AF22FE0B4900576C5C /* Main.storyboard in Resources */,
				888B4681230830E500E5DC94 /* Localizable.stringsdict in Resources */,
			);
			runOnlyForDeploymentPostprocessing = 0;
		};
/* End PBXResourcesBuildPhase section */

/* Begin PBXShellScriptBuildPhase section */
		1E77D8F8D091B59B4EADD381 /* [CP] Copy Pods Resources */ = {
			isa = PBXShellScriptBuildPhase;
			buildActionMask = 2147483647;
			files = (
			);
			inputFileListPaths = (
				"${PODS_ROOT}/Target Support Files/Pods-YandexWeather/Pods-YandexWeather-resources-${CONFIGURATION}-input-files.xcfilelist",
			);
			name = "[CP] Copy Pods Resources";
			outputFileListPaths = (
				"${PODS_ROOT}/Target Support Files/Pods-YandexWeather/Pods-YandexWeather-resources-${CONFIGURATION}-output-files.xcfilelist",
			);
			runOnlyForDeploymentPostprocessing = 0;
			shellPath = /bin/sh;
			shellScript = "\"${PODS_ROOT}/Target Support Files/Pods-YandexWeather/Pods-YandexWeather-resources.sh\"\n";
			showEnvVarsInLog = 0;
		};
		90FA8D1DEB1FC5A77C5BE49D /* [CP] Embed Pods Frameworks */ = {
			isa = PBXShellScriptBuildPhase;
			buildActionMask = 2147483647;
			files = (
			);
			inputFileListPaths = (
				"${PODS_ROOT}/Target Support Files/Pods-YandexWeather/Pods-YandexWeather-frameworks-${CONFIGURATION}-input-files.xcfilelist",
			);
			name = "[CP] Embed Pods Frameworks";
			outputFileListPaths = (
				"${PODS_ROOT}/Target Support Files/Pods-YandexWeather/Pods-YandexWeather-frameworks-${CONFIGURATION}-output-files.xcfilelist",
			);
			runOnlyForDeploymentPostprocessing = 0;
			shellPath = /bin/sh;
			shellScript = "\"${PODS_ROOT}/Target Support Files/Pods-YandexWeather/Pods-YandexWeather-frameworks.sh\"\n";
			showEnvVarsInLog = 0;
		};
		D63ED3FDC4A4721B82C01440 /* [CP] Check Pods Manifest.lock */ = {
			isa = PBXShellScriptBuildPhase;
			buildActionMask = 2147483647;
			files = (
			);
			inputFileListPaths = (
			);
			inputPaths = (
				"${PODS_PODFILE_DIR_PATH}/Podfile.lock",
				"${PODS_ROOT}/Manifest.lock",
			);
			name = "[CP] Check Pods Manifest.lock";
			outputFileListPaths = (
			);
			outputPaths = (
				"$(DERIVED_FILE_DIR)/Pods-YandexWeather-checkManifestLockResult.txt",
			);
			runOnlyForDeploymentPostprocessing = 0;
			shellPath = /bin/sh;
			shellScript = "diff \"${PODS_PODFILE_DIR_PATH}/Podfile.lock\" \"${PODS_ROOT}/Manifest.lock\" > /dev/null\nif [ $? != 0 ] ; then\n    # print error to STDERR\n    echo \"error: The sandbox is not in sync with the Podfile.lock. Run 'pod install' or update your CocoaPods installation.\" >&2\n    exit 1\nfi\n# This output is used by Xcode 'outputs' to avoid re-running this script phase.\necho \"SUCCESS\" > \"${SCRIPT_OUTPUT_FILE_0}\"\n";
			showEnvVarsInLog = 0;
		};
/* End PBXShellScriptBuildPhase section */

/* Begin PBXSourcesBuildPhase section */
		883227A222FE0B4900576C5C /* Sources */ = {
			isa = PBXSourcesBuildPhase;
			buildActionMask = 2147483647;
			files = (
				88CFDDF023022093006BFD1B /* HourseCollectionViewController.swift in Sources */,
				88CFDDB322FE22E5006BFD1B /* MarkerView.swift in Sources */,
				883227AC22FE0B4900576C5C /* MapViewController.swift in Sources */,
				88CFDDD52300543B006BFD1B /* ForecastViewController.swift in Sources */,
				88CFDDE523017880006BFD1B /* TableViewCell.swift in Sources */,
				889F61852305F78E008D7B48 /* DisignableView.swift in Sources */,
				883227C222FE15BB00576C5C /* WeatherData.swift in Sources */,
				88CFDDEC23021164006BFD1B /* ImageCell.swift in Sources */,
				883227AA22FE0B4900576C5C /* AppDelegate.swift in Sources */,
			);
			runOnlyForDeploymentPostprocessing = 0;
		};
/* End PBXSourcesBuildPhase section */

/* Begin PBXVariantGroup section */
		883227AD22FE0B4900576C5C /* Main.storyboard */ = {
			isa = PBXVariantGroup;
			children = (
				883227AE22FE0B4900576C5C /* Base */,
				888B467E23082FD800E5DC94 /* ru */,
			);
			name = Main.storyboard;
			sourceTree = "<group>";
		};
		883227B522FE0B4D00576C5C /* LaunchScreen.storyboard */ = {
			isa = PBXVariantGroup;
			children = (
				883227B622FE0B4D00576C5C /* Base */,
				888B467F23082FD900E5DC94 /* ru */,
			);
			name = LaunchScreen.storyboard;
			sourceTree = "<group>";
		};
/* End PBXVariantGroup section */

/* Begin XCBuildConfiguration section */
		883227B922FE0B4D00576C5C /* Debug */ = {
			isa = XCBuildConfiguration;
			buildSettings = {
				ALWAYS_SEARCH_USER_PATHS = NO;
				CLANG_ANALYZER_LOCALIZABILITY_NONLOCALIZED = YES;
				CLANG_ANALYZER_NONNULL = YES;
				CLANG_ANALYZER_NUMBER_OBJECT_CONVERSION = YES_AGGRESSIVE;
				CLANG_CXX_LANGUAGE_STANDARD = "gnu++14";
				CLANG_CXX_LIBRARY = "libc++";
				CLANG_ENABLE_MODULES = YES;
				CLANG_ENABLE_OBJC_ARC = YES;
				CLANG_ENABLE_OBJC_WEAK = YES;
				CLANG_WARN_BLOCK_CAPTURE_AUTORELEASING = YES;
				CLANG_WARN_BOOL_CONVERSION = YES;
				CLANG_WARN_COMMA = YES;
				CLANG_WARN_CONSTANT_CONVERSION = YES;
				CLANG_WARN_DEPRECATED_OBJC_IMPLEMENTATIONS = YES;
				CLANG_WARN_DIRECT_OBJC_ISA_USAGE = YES_ERROR;
				CLANG_WARN_DOCUMENTATION_COMMENTS = YES;
				CLANG_WARN_EMPTY_BODY = YES;
				CLANG_WARN_ENUM_CONVERSION = YES;
				CLANG_WARN_INFINITE_RECURSION = YES;
				CLANG_WARN_INT_CONVERSION = YES;
				CLANG_WARN_NON_LITERAL_NULL_CONVERSION = YES;
				CLANG_WARN_OBJC_IMPLICIT_RETAIN_SELF = YES;
				CLANG_WARN_OBJC_LITERAL_CONVERSION = YES;
				CLANG_WARN_OBJC_ROOT_CLASS = YES_ERROR;
				CLANG_WARN_RANGE_LOOP_ANALYSIS = YES;
				CLANG_WARN_STRICT_PROTOTYPES = YES;
				CLANG_WARN_SUSPICIOUS_MOVE = YES;
				CLANG_WARN_UNGUARDED_AVAILABILITY = YES_AGGRESSIVE;
				CLANG_WARN_UNREACHABLE_CODE = YES;
				CLANG_WARN__DUPLICATE_METHOD_MATCH = YES;
				CODE_SIGN_IDENTITY = "iPhone Developer";
				COPY_PHASE_STRIP = NO;
				DEBUG_INFORMATION_FORMAT = dwarf;
				ENABLE_STRICT_OBJC_MSGSEND = YES;
				ENABLE_TESTABILITY = YES;
				GCC_C_LANGUAGE_STANDARD = gnu11;
				GCC_DYNAMIC_NO_PIC = NO;
				GCC_NO_COMMON_BLOCKS = YES;
				GCC_OPTIMIZATION_LEVEL = 0;
				GCC_PREPROCESSOR_DEFINITIONS = (
					"DEBUG=1",
					"$(inherited)",
				);
				GCC_WARN_64_TO_32_BIT_CONVERSION = YES;
				GCC_WARN_ABOUT_RETURN_TYPE = YES_ERROR;
				GCC_WARN_UNDECLARED_SELECTOR = YES;
				GCC_WARN_UNINITIALIZED_AUTOS = YES_AGGRESSIVE;
				GCC_WARN_UNUSED_FUNCTION = YES;
				GCC_WARN_UNUSED_VARIABLE = YES;
				IPHONEOS_DEPLOYMENT_TARGET = 12.2;
				MTL_ENABLE_DEBUG_INFO = INCLUDE_SOURCE;
				MTL_FAST_MATH = YES;
				ONLY_ACTIVE_ARCH = YES;
				SDKROOT = iphoneos;
				SWIFT_ACTIVE_COMPILATION_CONDITIONS = DEBUG;
				SWIFT_OPTIMIZATION_LEVEL = "-Onone";
			};
			name = Debug;
		};
		883227BA22FE0B4D00576C5C /* Release */ = {
			isa = XCBuildConfiguration;
			buildSettings = {
				ALWAYS_SEARCH_USER_PATHS = NO;
				CLANG_ANALYZER_LOCALIZABILITY_NONLOCALIZED = YES;
				CLANG_ANALYZER_NONNULL = YES;
				CLANG_ANALYZER_NUMBER_OBJECT_CONVERSION = YES_AGGRESSIVE;
				CLANG_CXX_LANGUAGE_STANDARD = "gnu++14";
				CLANG_CXX_LIBRARY = "libc++";
				CLANG_ENABLE_MODULES = YES;
				CLANG_ENABLE_OBJC_ARC = YES;
				CLANG_ENABLE_OBJC_WEAK = YES;
				CLANG_WARN_BLOCK_CAPTURE_AUTORELEASING = YES;
				CLANG_WARN_BOOL_CONVERSION = YES;
				CLANG_WARN_COMMA = YES;
				CLANG_WARN_CONSTANT_CONVERSION = YES;
				CLANG_WARN_DEPRECATED_OBJC_IMPLEMENTATIONS = YES;
				CLANG_WARN_DIRECT_OBJC_ISA_USAGE = YES_ERROR;
				CLANG_WARN_DOCUMENTATION_COMMENTS = YES;
				CLANG_WARN_EMPTY_BODY = YES;
				CLANG_WARN_ENUM_CONVERSION = YES;
				CLANG_WARN_INFINITE_RECURSION = YES;
				CLANG_WARN_INT_CONVERSION = YES;
				CLANG_WARN_NON_LITERAL_NULL_CONVERSION = YES;
				CLANG_WARN_OBJC_IMPLICIT_RETAIN_SELF = YES;
				CLANG_WARN_OBJC_LITERAL_CONVERSION = YES;
				CLANG_WARN_OBJC_ROOT_CLASS = YES_ERROR;
				CLANG_WARN_RANGE_LOOP_ANALYSIS = YES;
				CLANG_WARN_STRICT_PROTOTYPES = YES;
				CLANG_WARN_SUSPICIOUS_MOVE = YES;
				CLANG_WARN_UNGUARDED_AVAILABILITY = YES_AGGRESSIVE;
				CLANG_WARN_UNREACHABLE_CODE = YES;
				CLANG_WARN__DUPLICATE_METHOD_MATCH = YES;
				CODE_SIGN_IDENTITY = "iPhone Developer";
				COPY_PHASE_STRIP = NO;
				DEBUG_INFORMATION_FORMAT = "dwarf-with-dsym";
				ENABLE_NS_ASSERTIONS = NO;
				ENABLE_STRICT_OBJC_MSGSEND = YES;
				GCC_C_LANGUAGE_STANDARD = gnu11;
				GCC_NO_COMMON_BLOCKS = YES;
				GCC_WARN_64_TO_32_BIT_CONVERSION = YES;
				GCC_WARN_ABOUT_RETURN_TYPE = YES_ERROR;
				GCC_WARN_UNDECLARED_SELECTOR = YES;
				GCC_WARN_UNINITIALIZED_AUTOS = YES_AGGRESSIVE;
				GCC_WARN_UNUSED_FUNCTION = YES;
				GCC_WARN_UNUSED_VARIABLE = YES;
				IPHONEOS_DEPLOYMENT_TARGET = 12.2;
				MTL_ENABLE_DEBUG_INFO = NO;
				MTL_FAST_MATH = YES;
				SDKROOT = iphoneos;
				SWIFT_COMPILATION_MODE = wholemodule;
				SWIFT_OPTIMIZATION_LEVEL = "-O";
				VALIDATE_PRODUCT = YES;
			};
			name = Release;
		};
		883227BC22FE0B4D00576C5C /* Debug */ = {
			isa = XCBuildConfiguration;
			baseConfigurationReference = 0EB860C35424AEF5D58C73D5 /* Pods-YandexWeather.debug.xcconfig */;
			buildSettings = {
				ASSETCATALOG_COMPILER_APPICON_NAME = AppIcon;
				CODE_SIGN_STYLE = Automatic;
				DEVELOPMENT_TEAM = 48BAMVNW77;
				INFOPLIST_FILE = "$(SRCROOT)/YandexWeather/App/Info.plist";
				LD_RUNPATH_SEARCH_PATHS = (
					"$(inherited)",
					"@executable_path/Frameworks",
				);
				PRODUCT_BUNDLE_IDENTIFIER = FiolentLAB.YandexWeather;
				PRODUCT_NAME = "$(TARGET_NAME)";
				SWIFT_VERSION = 5.0;
				TARGETED_DEVICE_FAMILY = "1,2";
			};
			name = Debug;
		};
		883227BD22FE0B4D00576C5C /* Release */ = {
			isa = XCBuildConfiguration;
			baseConfigurationReference = A0315AE7B1D97BC63C347A3B /* Pods-YandexWeather.release.xcconfig */;
			buildSettings = {
				ASSETCATALOG_COMPILER_APPICON_NAME = AppIcon;
				CODE_SIGN_STYLE = Automatic;
				DEVELOPMENT_TEAM = 48BAMVNW77;
				INFOPLIST_FILE = "$(SRCROOT)/YandexWeather/App/Info.plist";
				LD_RUNPATH_SEARCH_PATHS = (
					"$(inherited)",
					"@executable_path/Frameworks",
				);
				PRODUCT_BUNDLE_IDENTIFIER = FiolentLAB.YandexWeather;
				PRODUCT_NAME = "$(TARGET_NAME)";
				SWIFT_VERSION = 5.0;
				TARGETED_DEVICE_FAMILY = "1,2";
			};
			name = Release;
		};
/* End XCBuildConfiguration section */

/* Begin XCConfigurationList section */
		883227A122FE0B4900576C5C /* Build configuration list for PBXProject "YandexWeather" */ = {
			isa = XCConfigurationList;
			buildConfigurations = (
				883227B922FE0B4D00576C5C /* Debug */,
				883227BA22FE0B4D00576C5C /* Release */,
			);
			defaultConfigurationIsVisible = 0;
			defaultConfigurationName = Release;
		};
		883227BB22FE0B4D00576C5C /* Build configuration list for PBXNativeTarget "YandexWeather" */ = {
			isa = XCConfigurationList;
			buildConfigurations = (
				883227BC22FE0B4D00576C5C /* Debug */,
				883227BD22FE0B4D00576C5C /* Release */,
			);
			defaultConfigurationIsVisible = 0;
			defaultConfigurationName = Release;
		};
/* End XCConfigurationList section */
	};
	rootObject = 8832279E22FE0B4900576C5C /* Project object */;
}
